
Microsoft Visual Studio Solution File, Format Version 12.00
# Visual Studio Version 16
VisualStudioVersion = 16.0.32002.261
MinimumVisualStudioVersion = 10.0.40219.1
Project("{FAE04EC0-301F-11D3-BF4B-00C04F79EFBC}") = "App", "App\App.csproj", "{C8A5755D-EBA4-4CC2-B068-A4E50AF6F108}"
EndProject
Global
	GlobalSection(SolutionConfigurationPlatforms) = preSolution
		Debug|Any CPU = Debug|Any CPU
		Release|Any CPU = Release|Any CPU
	EndGlobalSection
	GlobalSection(ProjectConfigurationPlatforms) = postSolution
		{C8A5755D-EBA4-4CC2-B068-A4E50AF6F108}.Debug|Any CPU.ActiveCfg = Debug|Any CPU
		{C8A5755D-EBA4-4CC2-B068-A4E50AF6F108}.Debug|Any CPU.Build.0 = Debug|Any CPU
		{C8A5755D-EBA4-4CC2-B068-A4E50AF6F108}.Release|Any CPU.ActiveCfg = Release|Any CPU
		{C8A5755D-EBA4-4CC2-B068-A4E50AF6F108}.Release|Any CPU.Build.0 = Release|Any CPU
	EndGlobalSection
	GlobalSection(SolutionProperties) = preSolution
		HideSolutionNode = FALSE
	EndGlobalSection
	GlobalSection(ExtensibilityGlobals) = postSolution
		SolutionGuid = {23B7FAB0-C455-4B6F-8F05-518F76BEF53B}
	EndGlobalSection
EndGlobal
